{
  "name": "YOGAEMPIRE",
  "version": "1.0.0",
  "description": "Yoga Empire NY - Virtual and Asana Yoga Classes",
  "main": "index.js",
  "scripts": {
    "start": "vite",
    "build": "vite build",
    "preview": "vite preview",
    "test": "echo \"Error: no test specified\" && exit 1"
  },
  "repository": {
    "type": "git",
    "url": "git+ssh://git@github.com/JamesMedina7787/yogaempire.git"
  },
  "keywords": [
    "yoga",
    "empire",
    "ny",
    "asana",
    "class",
    "virtual",
    "handstand"
  ],
  "author": "jwm",
  "license": "ISC",
  "bugs": {
    "url": "https://github.com/JamesMedina7787/yogaempire/issues"
  },
  "homepage": "https://github.com/JamesMedina7787/yogaempire#readme",
  "dependencies": {
    "@vitejs/plugin-react": "^4.0.0",
    "axios": "^1.7.9",
    "react": "^18.2.0",
    "react-dom": "^18.2.0"
  },
  "devDependencies": {
    "vite": "^4.0.0"
  }
}
